# This file is autogenerated, do not edit; changes may be undone by the next 'dep ensure'.


[[projects]]
  branch = "master"
  digest = "1:606d1820e2521700b2604019ddc84c95642b2be06242206a4c6322b1c465b2c9"
  name = "github.com/oliveroneill/exponent-server-sdk-golang"
  packages = ["sdk"]
  pruneopts = "UT"
  revision = "05bf6f17980f89ec1a1b9599813658b6381e7408"

[solve-meta]
  analyzer-name = "dep"
  analyzer-version = 1
  input-imports = ["github.com/oliveroneill/exponent-server-sdk-golang/sdk"]
  solver-name = "gps-cdcl"
  solver-version = 1
